
Microsoft Visual Studio Solution File, Format Version 12.00
# Visual Studio Version 16
VisualStudioVersion = 16.0.28822.285
MinimumVisualStudioVersion = 10.0.40219.1
Project("{FAE04EC0-301F-11D3-BF4B-00C04F79EFBC}") = "PhotoSorter_V2", "PhotoSorter_V2\PhotoSorter_V2.csproj", "{48EEF67E-7EA2-4CFF-8D3D-25B1CE806D60}"
EndProject
Project("{FAE04EC0-301F-11D3-BF4B-00C04F79EFBC}") = "MVVM_Base", "MVVM_Base\MVVM_Base.csproj", "{803B936A-15A0-4D60-8C11-1174FDD65C4F}"
EndProject
Project("{FAE04EC0-301F-11D3-BF4B-00C04F79EFBC}") = "Models", "Models\Models.csproj", "{33780170-39F5-4B35-BBD4-4AB0AB78FD9C}"
EndProject
Project("{FAE04EC0-301F-11D3-BF4B-00C04F79EFBC}") = "ViewModels", "ViewModels\ViewModels.csproj", "{F9AAFFF3-4911-49AE-957E-DEF4F6C460E9}"
EndProject
Project("{FAE04EC0-301F-11D3-BF4B-00C04F79EFBC}") = "CustomControls", "CustomControls\CustomControls.csproj", "{7ACFCDA6-E864-4B82-941F-00EC05BFEA4F}"
EndProject
Global
	GlobalSection(SolutionConfigurationPlatforms) = preSolution
		Debug|Any CPU = Debug|Any CPU
		Debug|ARM = Debug|ARM
		Debug|ARM64 = Debug|ARM64
		Debug|x64 = Debug|x64
		Debug|x86 = Debug|x86
		Release|Any CPU = Release|Any CPU
		Release|ARM = Release|ARM
		Release|ARM64 = Release|ARM64
		Release|x64 = Release|x64
		Release|x86 = Release|x86
	EndGlobalSection
	GlobalSection(ProjectConfigurationPlatforms) = postSolution
		{48EEF67E-7EA2-4CFF-8D3D-25B1CE806D60}.Debug|Any CPU.ActiveCfg = Debug|x86
		{48EEF67E-7EA2-4CFF-8D3D-25B1CE806D60}.Debug|ARM.ActiveCfg = Debug|ARM
		{48EEF67E-7EA2-4CFF-8D3D-25B1CE806D60}.Debug|ARM.Build.0 = Debug|ARM
		{48EEF67E-7EA2-4CFF-8D3D-25B1CE806D60}.Debug|ARM.Deploy.0 = Debug|ARM
		{48EEF67E-7EA2-4CFF-8D3D-25B1CE806D60}.Debug|ARM64.ActiveCfg = Debug|ARM64
		{48EEF67E-7EA2-4CFF-8D3D-25B1CE806D60}.Debug|ARM64.Build.0 = Debug|ARM64
		{48EEF67E-7EA2-4CFF-8D3D-25B1CE806D60}.Debug|ARM64.Deploy.0 = Debug|ARM64
		{48EEF67E-7EA2-4CFF-8D3D-25B1CE806D60}.Debug|x64.ActiveCfg = Debug|x64
		{48EEF67E-7EA2-4CFF-8D3D-25B1CE806D60}.Debug|x64.Build.0 = Debug|x64
		{48EEF67E-7EA2-4CFF-8D3D-25B1CE806D60}.Debug|x64.Deploy.0 = Debug|x64
		{48EEF67E-7EA2-4CFF-8D3D-25B1CE806D60}.Debug|x86.ActiveCfg = Debug|x86
		{48EEF67E-7EA2-4CFF-8D3D-25B1CE806D60}.Debug|x86.Build.0 = Debug|x86
		{48EEF67E-7EA2-4CFF-8D3D-25B1CE806D60}.Debug|x86.Deploy.0 = Debug|x86
		{48EEF67E-7EA2-4CFF-8D3D-25B1CE806D60}.Release|Any CPU.ActiveCfg = Release|x86
		{48EEF67E-7EA2-4CFF-8D3D-25B1CE806D60}.Release|ARM.ActiveCfg = Release|ARM
		{48EEF67E-7EA2-4CFF-8D3D-25B1CE806D60}.Release|ARM.Build.0 = Release|ARM
		{48EEF67E-7EA2-4CFF-8D3D-25B1CE806D60}.Release|ARM.Deploy.0 = Release|ARM
		{48EEF67E-7EA2-4CFF-8D3D-25B1CE806D60}.Release|ARM64.ActiveCfg = Release|ARM64
		{48EEF67E-7EA2-4CFF-8D3D-25B1CE806D60}.Release|ARM64.Build.0 = Release|ARM64
		{48EEF67E-7EA2-4CFF-8D3D-25B1CE806D60}.Release|ARM64.Deploy.0 = Release|ARM64
		{48EEF67E-7EA2-4CFF-8D3D-25B1CE806D60}.Release|x64.ActiveCfg = Release|x64
		{48EEF67E-7EA2-4CFF-8D3D-25B1CE806D60}.Release|x64.Build.0 = Release|x64
		{48EEF67E-7EA2-4CFF-8D3D-25B1CE806D60}.Release|x64.Deploy.0 = Release|x64
		{48EEF67E-7EA2-4CFF-8D3D-25B1CE806D60}.Release|x86.ActiveCfg = Release|x86
		{48EEF67E-7EA2-4CFF-8D3D-25B1CE806D60}.Release|x86.Build.0 = Release|x86
		{48EEF67E-7EA2-4CFF-8D3D-25B1CE806D60}.Release|x86.Deploy.0 = Release|x86
		{803B936A-15A0-4D60-8C11-1174FDD65C4F}.Debug|Any CPU.ActiveCfg = Debug|Any CPU
		{803B936A-15A0-4D60-8C11-1174FDD65C4F}.Debug|Any CPU.Build.0 = Debug|Any CPU
		{803B936A-15A0-4D60-8C11-1174FDD65C4F}.Debug|ARM.ActiveCfg = Debug|ARM
		{803B936A-15A0-4D60-8C11-1174FDD65C4F}.Debug|ARM.Build.0 = Debug|ARM
		{803B936A-15A0-4D60-8C11-1174FDD65C4F}.Debug|ARM64.ActiveCfg = Debug|ARM64
		{803B936A-15A0-4D60-8C11-1174FDD65C4F}.Debug|ARM64.Build.0 = Debug|ARM64
		{803B936A-15A0-4D60-8C11-1174FDD65C4F}.Debug|x64.ActiveCfg = Debug|x64
		{803B936A-15A0-4D60-8C11-1174FDD65C4F}.Debug|x64.Build.0 = Debug|x64
		{803B936A-15A0-4D60-8C11-1174FDD65C4F}.Debug|x86.ActiveCfg = Debug|x86
		{803B936A-15A0-4D60-8C11-1174FDD65C4F}.Debug|x86.Build.0 = Debug|x86
		{803B936A-15A0-4D60-8C11-1174FDD65C4F}.Release|Any CPU.ActiveCfg = Release|Any CPU
		{803B936A-15A0-4D60-8C11-1174FDD65C4F}.Release|Any CPU.Build.0 = Release|Any CPU
		{803B936A-15A0-4D60-8C11-1174FDD65C4F}.Release|ARM.ActiveCfg = Release|ARM
		{803B936A-15A0-4D60-8C11-1174FDD65C4F}.Release|ARM.Build.0 = Release|ARM
		{803B936A-15A0-4D60-8C11-1174FDD65C4F}.Release|ARM64.ActiveCfg = Release|ARM64
		{803B936A-15A0-4D60-8C11-1174FDD65C4F}.Release|ARM64.Build.0 = Release|ARM64
		{803B936A-15A0-4D60-8C11-1174FDD65C4F}.Release|x64.ActiveCfg = Release|x64
		{803B936A-15A0-4D60-8C11-1174FDD65C4F}.Release|x64.Build.0 = Release|x64
		{803B936A-15A0-4D60-8C11-1174FDD65C4F}.Release|x86.ActiveCfg = Release|x86
		{803B936A-15A0-4D60-8C11-1174FDD65C4F}.Release|x86.Build.0 = Release|x86
		{33780170-39F5-4B35-BBD4-4AB0AB78FD9C}.Debug|Any CPU.ActiveCfg = Debug|Any CPU
		{33780170-39F5-4B35-BBD4-4AB0AB78FD9C}.Debug|Any CPU.Build.0 = Debug|Any CPU
		{33780170-39F5-4B35-BBD4-4AB0AB78FD9C}.Debug|ARM.ActiveCfg = Debug|ARM
		{33780170-39F5-4B35-BBD4-4AB0AB78FD9C}.Debug|ARM.Build.0 = Debug|ARM
		{33780170-39F5-4B35-BBD4-4AB0AB78FD9C}.Debug|ARM64.ActiveCfg = Debug|ARM64
		{33780170-39F5-4B35-BBD4-4AB0AB78FD9C}.Debug|ARM64.Build.0 = Debug|ARM64
		{33780170-39F5-4B35-BBD4-4AB0AB78FD9C}.Debug|x64.ActiveCfg = Debug|x64
		{33780170-39F5-4B35-BBD4-4AB0AB78FD9C}.Debug|x64.Build.0 = Debug|x64
		{33780170-39F5-4B35-BBD4-4AB0AB78FD9C}.Debug|x86.ActiveCfg = Debug|x86
		{33780170-39F5-4B35-BBD4-4AB0AB78FD9C}.Debug|x86.Build.0 = Debug|x86
		{33780170-39F5-4B35-BBD4-4AB0AB78FD9C}.Release|Any CPU.ActiveCfg = Release|Any CPU
		{33780170-39F5-4B35-BBD4-4AB0AB78FD9C}.Release|Any CPU.Build.0 = Release|Any CPU
		{33780170-39F5-4B35-BBD4-4AB0AB78FD9C}.Release|ARM.ActiveCfg = Release|ARM
		{33780170-39F5-4B35-BBD4-4AB0AB78FD9C}.Release|ARM.Build.0 = Release|ARM
		{33780170-39F5-4B35-BBD4-4AB0AB78FD9C}.Release|ARM64.ActiveCfg = Release|ARM64
		{33780170-39F5-4B35-BBD4-4AB0AB78FD9C}.Release|ARM64.Build.0 = Release|ARM64
		{33780170-39F5-4B35-BBD4-4AB0AB78FD9C}.Release|x64.ActiveCfg = Release|x64
		{33780170-39F5-4B35-BBD4-4AB0AB78FD9C}.Release|x64.Build.0 = Release|x64
		{33780170-39F5-4B35-BBD4-4AB0AB78FD9C}.Release|x86.ActiveCfg = Release|x86
		{33780170-39F5-4B35-BBD4-4AB0AB78FD9C}.Release|x86.Build.0 = Release|x86
		{F9AAFFF3-4911-49AE-957E-DEF4F6C460E9}.Debug|Any CPU.ActiveCfg = Debug|Any CPU
		{F9AAFFF3-4911-49AE-957E-DEF4F6C460E9}.Debug|Any CPU.Build.0 = Debug|Any CPU
		{F9AAFFF3-4911-49AE-957E-DEF4F6C460E9}.Debug|ARM.ActiveCfg = Debug|ARM
		{F9AAFFF3-4911-49AE-957E-DEF4F6C460E9}.Debug|ARM.Build.0 = Debug|ARM
		{F9AAFFF3-4911-49AE-957E-DEF4F6C460E9}.Debug|ARM64.ActiveCfg = Debug|ARM64
		{F9AAFFF3-4911-49AE-957E-DEF4F6C460E9}.Debug|ARM64.Build.0 = Debug|ARM64
		{F9AAFFF3-4911-49AE-957E-DEF4F6C460E9}.Debug|x64.ActiveCfg = Debug|x64
		{F9AAFFF3-4911-49AE-957E-DEF4F6C460E9}.Debug|x64.Build.0 = Debug|x64
		{F9AAFFF3-4911-49AE-957E-DEF4F6C460E9}.Debug|x86.ActiveCfg = Debug|x86
		{F9AAFFF3-4911-49AE-957E-DEF4F6C460E9}.Debug|x86.Build.0 = Debug|x86
		{F9AAFFF3-4911-49AE-957E-DEF4F6C460E9}.Release|Any CPU.ActiveCfg = Release|Any CPU
		{F9AAFFF3-4911-49AE-957E-DEF4F6C460E9}.Release|Any CPU.Build.0 = Release|Any CPU
		{F9AAFFF3-4911-49AE-957E-DEF4F6C460E9}.Release|ARM.ActiveCfg = Release|ARM
		{F9AAFFF3-4911-49AE-957E-DEF4F6C460E9}.Release|ARM.Build.0 = Release|ARM
		{F9AAFFF3-4911-49AE-957E-DEF4F6C460E9}.Release|ARM64.ActiveCfg = Release|ARM64
		{F9AAFFF3-4911-49AE-957E-DEF4F6C460E9}.Release|ARM64.Build.0 = Release|ARM64
		{F9AAFFF3-4911-49AE-957E-DEF4F6C460E9}.Release|x64.ActiveCfg = Release|x64
		{F9AAFFF3-4911-49AE-957E-DEF4F6C460E9}.Release|x64.Build.0 = Release|x64
		{F9AAFFF3-4911-49AE-957E-DEF4F6C460E9}.Release|x86.ActiveCfg = Release|x86
		{F9AAFFF3-4911-49AE-957E-DEF4F6C460E9}.Release|x86.Build.0 = Release|x86
		{7ACFCDA6-E864-4B82-941F-00EC05BFEA4F}.Debug|Any CPU.ActiveCfg = Debug|Any CPU
		{7ACFCDA6-E864-4B82-941F-00EC05BFEA4F}.Debug|Any CPU.Build.0 = Debug|Any CPU
		{7ACFCDA6-E864-4B82-941F-00EC05BFEA4F}.Debug|ARM.ActiveCfg = Debug|ARM
		{7ACFCDA6-E864-4B82-941F-00EC05BFEA4F}.Debug|ARM.Build.0 = Debug|ARM
		{7ACFCDA6-E864-4B82-941F-00EC05BFEA4F}.Debug|ARM64.ActiveCfg = Debug|ARM64
		{7ACFCDA6-E864-4B82-941F-00EC05BFEA4F}.Debug|ARM64.Build.0 = Debug|ARM64
		{7ACFCDA6-E864-4B82-941F-00EC05BFEA4F}.Debug|x64.ActiveCfg = Debug|x64
		{7ACFCDA6-E864-4B82-941F-00EC05BFEA4F}.Debug|x64.Build.0 = Debug|x64
		{7ACFCDA6-E864-4B82-941F-00EC05BFEA4F}.Debug|x86.ActiveCfg = Debug|x86
		{7ACFCDA6-E864-4B82-941F-00EC05BFEA4F}.Debug|x86.Build.0 = Debug|x86
		{7ACFCDA6-E864-4B82-941F-00EC05BFEA4F}.Release|Any CPU.ActiveCfg = Release|Any CPU
		{7ACFCDA6-E864-4B82-941F-00EC05BFEA4F}.Release|Any CPU.Build.0 = Release|Any CPU
		{7ACFCDA6-E864-4B82-941F-00EC05BFEA4F}.Release|ARM.ActiveCfg = Release|ARM
		{7ACFCDA6-E864-4B82-941F-00EC05BFEA4F}.Release|ARM.Build.0 = Release|ARM
		{7ACFCDA6-E864-4B82-941F-00EC05BFEA4F}.Release|ARM64.ActiveCfg = Release|ARM64
		{7ACFCDA6-E864-4B82-941F-00EC05BFEA4F}.Release|ARM64.Build.0 = Release|ARM64
		{7ACFCDA6-E864-4B82-941F-00EC05BFEA4F}.Release|x64.ActiveCfg = Release|x64
		{7ACFCDA6-E864-4B82-941F-00EC05BFEA4F}.Release|x64.Build.0 = Release|x64
		{7ACFCDA6-E864-4B82-941F-00EC05BFEA4F}.Release|x86.ActiveCfg = Release|x86
		{7ACFCDA6-E864-4B82-941F-00EC05BFEA4F}.Release|x86.Build.0 = Release|x86
	EndGlobalSection
	GlobalSection(SolutionProperties) = preSolution
		HideSolutionNode = FALSE
	EndGlobalSection
	GlobalSection(ExtensibilityGlobals) = postSolution
		SolutionGuid = {0BFBD271-EB8A-4BAF-B004-30F35B4A7F30}
	EndGlobalSection
EndGlobal
